
Microsoft Visual Studio Solution File, Format Version 12.00
# Visual Studio Version 17
VisualStudioVersion = 17.4.33403.182
MinimumVisualStudioVersion = 10.0.40219.1
Project("{FAE04EC0-301F-11D3-BF4B-00C04F79EFBC}") = "TempGitShowoff", "TempGitShowoff\TempGitShowoff.csproj", "{2B407CF5-AD5F-484D-9B74-05DAF54728B1}"
EndProject
Global
	GlobalSection(SolutionConfigurationPlatforms) = preSolution
		Debug|Any CPU = Debug|Any CPU
		Release|Any CPU = Release|Any CPU
	EndGlobalSection
	GlobalSection(ProjectConfigurationPlatforms) = postSolution
		{2B407CF5-AD5F-484D-9B74-05DAF54728B1}.Debug|Any CPU.ActiveCfg = Debug|Any CPU
		{2B407CF5-AD5F-484D-9B74-05DAF54728B1}.Debug|Any CPU.Build.0 = Debug|Any CPU
		{2B407CF5-AD5F-484D-9B74-05DAF54728B1}.Release|Any CPU.ActiveCfg = Release|Any CPU
		{2B407CF5-AD5F-484D-9B74-05DAF54728B1}.Release|Any CPU.Build.0 = Release|Any CPU
	EndGlobalSection
	GlobalSection(SolutionProperties) = preSolution
		HideSolutionNode = FALSE
	EndGlobalSection
	GlobalSection(ExtensibilityGlobals) = postSolution
		SolutionGuid = {79E7D75E-C158-43BC-B715-30E115059301}
	EndGlobalSection
EndGlobal
